// !$*UTF8*$!
{
	archiveVersion = 1;
	classes = {
	};
	objectVersion = 48;
	objects = {

/* Begin PBXBuildFile section */
		7539141A1F079B8900710C38 /* AccountOverviewTableViewCell.swift in Sources */ = {isa = PBXBuildFile; fileRef = 753914181F079B8900710C38 /* AccountOverviewTableViewCell.swift */; };
		7539141B1F079B8900710C38 /* AccountOverviewTableViewCell.xib in Resources */ = {isa = PBXBuildFile; fileRef = 753914191F079B8900710C38 /* AccountOverviewTableViewCell.xib */; };
		7539141E1F079BA100710C38 /* AccountTableViewCell.swift in Sources */ = {isa = PBXBuildFile; fileRef = 7539141C1F079BA100710C38 /* AccountTableViewCell.swift */; };
		7539141F1F079BA100710C38 /* AccountTableViewCell.xib in Resources */ = {isa = PBXBuildFile; fileRef = 7539141D1F079BA100710C38 /* AccountTableViewCell.xib */; };
		753914211F07A2F400710C38 /* PTRView.swift in Sources */ = {isa = PBXBuildFile; fileRef = 753914201F07A2F400710C38 /* PTRView.swift */; };
		759474D01F084A3F00D922AF /* ubuntu-b.ttf in Resources */ = {isa = PBXBuildFile; fileRef = 759474CD1F084A3500D922AF /* ubuntu-b.ttf */; };
		759474D11F084A3F00D922AF /* ubuntu-bi.ttf in Resources */ = {isa = PBXBuildFile; fileRef = 759474CC1F084A3500D922AF /* ubuntu-bi.ttf */; };
		759474D21F084A3F00D922AF /* ubuntu-l.ttf in Resources */ = {isa = PBXBuildFile; fileRef = 759474CE1F084A3500D922AF /* ubuntu-l.ttf */; };
		759474D31F084A3F00D922AF /* ubuntu-li.ttf in Resources */ = {isa = PBXBuildFile; fileRef = 759474C91F084A3400D922AF /* ubuntu-li.ttf */; };
		759474D41F084A3F00D922AF /* ubuntu-m.ttf in Resources */ = {isa = PBXBuildFile; fileRef = 759474CA1F084A3500D922AF /* ubuntu-m.ttf */; };
		759474D51F084A3F00D922AF /* ubuntu-mi.ttf in Resources */ = {isa = PBXBuildFile; fileRef = 759474CF1F084A3500D922AF /* ubuntu-mi.ttf */; };
		759474D61F084A3F00D922AF /* ubuntu-r.ttf in Resources */ = {isa = PBXBuildFile; fileRef = 759474C81F084A3400D922AF /* ubuntu-r.ttf */; };
		759474D71F084A3F00D922AF /* ubuntu-ri.ttf in Resources */ = {isa = PBXBuildFile; fileRef = 759474CB1F084A3500D922AF /* ubuntu-ri.ttf */; };
		75F19FB21F05B844000A4983 /* AppDelegate.swift in Sources */ = {isa = PBXBuildFile; fileRef = 75F19FB11F05B844000A4983 /* AppDelegate.swift */; };
		75F19FB91F05B844000A4983 /* Assets.xcassets in Resources */ = {isa = PBXBuildFile; fileRef = 75F19FB81F05B844000A4983 /* Assets.xcassets */; };
		75F19FBC1F05B844000A4983 /* LaunchScreen.storyboard in Resources */ = {isa = PBXBuildFile; fileRef = 75F19FBA1F05B844000A4983 /* LaunchScreen.storyboard */; };
		75F19FC51F05B879000A4983 /* RevealServer.framework in Frameworks */ = {isa = PBXBuildFile; fileRef = 75F19FC31F05B849000A4983 /* RevealServer.framework */; };
		75F19FC61F05B879000A4983 /* RevealServer.framework in Embed Frameworks */ = {isa = PBXBuildFile; fileRef = 75F19FC31F05B849000A4983 /* RevealServer.framework */; settings = {ATTRIBUTES = (CodeSignOnCopy, RemoveHeadersOnCopy, ); }; };
		75F19FC91F067869000A4983 /* NavigationController.swift in Sources */ = {isa = PBXBuildFile; fileRef = 75F19FC81F067869000A4983 /* NavigationController.swift */; };
		75F19FCF1F068504000A4983 /* OrdersAndTradesButton.swift in Sources */ = {isa = PBXBuildFile; fileRef = 75F19FCE1F068504000A4983 /* OrdersAndTradesButton.swift */; };
		75F19FD11F069134000A4983 /* OrdersAndTradesButton.xib in Resources */ = {isa = PBXBuildFile; fileRef = 75F19FD01F069134000A4983 /* OrdersAndTradesButton.xib */; };
		75F19FD61F06BAB7000A4983 /* Main.storyboard in Resources */ = {isa = PBXBuildFile; fileRef = 75F19FD51F06BA1F000A4983 /* Main.storyboard */; };
		75F19FD81F06BB14000A4983 /* AccountsAndPossessionsPagedVC.swift in Sources */ = {isa = PBXBuildFile; fileRef = 75F19FD71F06BB14000A4983 /* AccountsAndPossessionsPagedVC.swift */; };
		75F19FDA1F06BC8D000A4983 /* PageControl.swift in Sources */ = {isa = PBXBuildFile; fileRef = 75F19FD91F06BC8D000A4983 /* PageControl.swift */; };
		75F19FDC1F06BC9B000A4983 /* PageControl.xib in Resources */ = {isa = PBXBuildFile; fileRef = 75F19FDB1F06BC9B000A4983 /* PageControl.xib */; };
		75F19FDE1F06BD91000A4983 /* AccountOverviewVC.swift in Sources */ = {isa = PBXBuildFile; fileRef = 75F19FDD1F06BD91000A4983 /* AccountOverviewVC.swift */; };
		75F19FE01F06C96E000A4983 /* PositionsVC.swift in Sources */ = {isa = PBXBuildFile; fileRef = 75F19FDF1F06C96E000A4983 /* PositionsVC.swift */; };
		75F19FE21F06C9EC000A4983 /* NewsListVC.swift in Sources */ = {isa = PBXBuildFile; fileRef = 75F19FE11F06C9EC000A4983 /* NewsListVC.swift */; };
		75F19FE41F06CA23000A4983 /* TransactionsVC.swift in Sources */ = {isa = PBXBuildFile; fileRef = 75F19FE31F06CA23000A4983 /* TransactionsVC.swift */; };
/* End PBXBuildFile section */

/* Begin PBXCopyFilesBuildPhase section */
		75F19FC71F05B879000A4983 /* Embed Frameworks */ = {
			isa = PBXCopyFilesBuildPhase;
			buildActionMask = 2147483647;
			dstPath = "";
			dstSubfolderSpec = 10;
			files = (
				75F19FC61F05B879000A4983 /* RevealServer.framework in Embed Frameworks */,
			);
			name = "Embed Frameworks";
			runOnlyForDeploymentPostprocessing = 0;
		};
/* End PBXCopyFilesBuildPhase section */

/* Begin PBXFileReference section */
		753914181F079B8900710C38 /* AccountOverviewTableViewCell.swift */ = {isa = PBXFileReference; lastKnownFileType = sourcecode.swift; path = AccountOverviewTableViewCell.swift; sourceTree = "<group>"; };
		753914191F079B8900710C38 /* AccountOverviewTableViewCell.xib */ = {isa = PBXFileReference; lastKnownFileType = file.xib; path = AccountOverviewTableViewCell.xib; sourceTree = "<group>"; };
		7539141C1F079BA100710C38 /* AccountTableViewCell.swift */ = {isa = PBXFileReference; lastKnownFileType = sourcecode.swift; path = AccountTableViewCell.swift; sourceTree = "<group>"; };
		7539141D1F079BA100710C38 /* AccountTableViewCell.xib */ = {isa = PBXFileReference; lastKnownFileType = file.xib; path = AccountTableViewCell.xib; sourceTree = "<group>"; };
		753914201F07A2F400710C38 /* PTRView.swift */ = {isa = PBXFileReference; lastKnownFileType = sourcecode.swift; path = PTRView.swift; sourceTree = "<group>"; };
		759474C81F084A3400D922AF /* ubuntu-r.ttf */ = {isa = PBXFileReference; lastKnownFileType = file; name = "ubuntu-r.ttf"; path = "../../../Downloads/Ubuntu-FontZillion/Fonts/ubuntu-r.ttf"; sourceTree = "<group>"; };
		759474C91F084A3400D922AF /* ubuntu-li.ttf */ = {isa = PBXFileReference; lastKnownFileType = file; name = "ubuntu-li.ttf"; path = "../../../Downloads/Ubuntu-FontZillion/Fonts/ubuntu-li.ttf"; sourceTree = "<group>"; };
		759474CA1F084A3500D922AF /* ubuntu-m.ttf */ = {isa = PBXFileReference; lastKnownFileType = file; name = "ubuntu-m.ttf"; path = "../../../Downloads/Ubuntu-FontZillion/Fonts/ubuntu-m.ttf"; sourceTree = "<group>"; };
		759474CB1F084A3500D922AF /* ubuntu-ri.ttf */ = {isa = PBXFileReference; lastKnownFileType = file; name = "ubuntu-ri.ttf"; path = "../../../Downloads/Ubuntu-FontZillion/Fonts/ubuntu-ri.ttf"; sourceTree = "<group>"; };
		759474CC1F084A3500D922AF /* ubuntu-bi.ttf */ = {isa = PBXFileReference; lastKnownFileType = file; name = "ubuntu-bi.ttf"; path = "../../../Downloads/Ubuntu-FontZillion/Fonts/ubuntu-bi.ttf"; sourceTree = "<group>"; };
		759474CD1F084A3500D922AF /* ubuntu-b.ttf */ = {isa = PBXFileReference; lastKnownFileType = file; name = "ubuntu-b.ttf"; path = "../../../Downloads/Ubuntu-FontZillion/Fonts/ubuntu-b.ttf"; sourceTree = "<group>"; };
		759474CE1F084A3500D922AF /* ubuntu-l.ttf */ = {isa = PBXFileReference; lastKnownFileType = file; name = "ubuntu-l.ttf"; path = "../../../Downloads/Ubuntu-FontZillion/Fonts/ubuntu-l.ttf"; sourceTree = "<group>"; };
		759474CF1F084A3500D922AF /* ubuntu-mi.ttf */ = {isa = PBXFileReference; lastKnownFileType = file; name = "ubuntu-mi.ttf"; path = "../../../Downloads/Ubuntu-FontZillion/Fonts/ubuntu-mi.ttf"; sourceTree = "<group>"; };
		75F19FAE1F05B844000A4983 /* Avanza.app */ = {isa = PBXFileReference; explicitFileType = wrapper.application; includeInIndex = 0; path = Avanza.app; sourceTree = BUILT_PRODUCTS_DIR; };
		75F19FB11F05B844000A4983 /* AppDelegate.swift */ = {isa = PBXFileReference; lastKnownFileType = sourcecode.swift; path = AppDelegate.swift; sourceTree = "<group>"; };
		75F19FB81F05B844000A4983 /* Assets.xcassets */ = {isa = PBXFileReference; lastKnownFileType = folder.assetcatalog; path = Assets.xcassets; sourceTree = "<group>"; };
		75F19FBB1F05B844000A4983 /* Base */ = {isa = PBXFileReference; lastKnownFileType = file.storyboard; name = Base; path = Base.lproj/LaunchScreen.storyboard; sourceTree = "<group>"; };
		75F19FBD1F05B844000A4983 /* Info.plist */ = {isa = PBXFileReference; lastKnownFileType = text.plist.xml; path = Info.plist; sourceTree = "<group>"; };
		75F19FC31F05B849000A4983 /* RevealServer.framework */ = {isa = PBXFileReference; lastKnownFileType = wrapper.framework; name = RevealServer.framework; path = ../../RevealServer.framework; sourceTree = "<group>"; };
		75F19FC81F067869000A4983 /* NavigationController.swift */ = {isa = PBXFileReference; lastKnownFileType = sourcecode.swift; path = NavigationController.swift; sourceTree = "<group>"; };
		75F19FCE1F068504000A4983 /* OrdersAndTradesButton.swift */ = {isa = PBXFileReference; lastKnownFileType = sourcecode.swift; path = OrdersAndTradesButton.swift; sourceTree = "<group>"; };
		75F19FD01F069134000A4983 /* OrdersAndTradesButton.xib */ = {isa = PBXFileReference; lastKnownFileType = file.xib; path = OrdersAndTradesButton.xib; sourceTree = "<group>"; };
		75F19FD51F06BA1F000A4983 /* Main.storyboard */ = {isa = PBXFileReference; lastKnownFileType = file.storyboard; path = Main.storyboard; sourceTree = "<group>"; };
		75F19FD71F06BB14000A4983 /* AccountsAndPossessionsPagedVC.swift */ = {isa = PBXFileReference; lastKnownFileType = sourcecode.swift; path = AccountsAndPossessionsPagedVC.swift; sourceTree = "<group>"; };
		75F19FD91F06BC8D000A4983 /* PageControl.swift */ = {isa = PBXFileReference; lastKnownFileType = sourcecode.swift; path = PageControl.swift; sourceTree = "<group>"; };
		75F19FDB1F06BC9B000A4983 /* PageControl.xib */ = {isa = PBXFileReference; lastKnownFileType = file.xib; path = PageControl.xib; sourceTree = "<group>"; };
		75F19FDD1F06BD91000A4983 /* AccountOverviewVC.swift */ = {isa = PBXFileReference; lastKnownFileType = sourcecode.swift; path = AccountOverviewVC.swift; sourceTree = "<group>"; };
		75F19FDF1F06C96E000A4983 /* PositionsVC.swift */ = {isa = PBXFileReference; lastKnownFileType = sourcecode.swift; path = PositionsVC.swift; sourceTree = "<group>"; };
		75F19FE11F06C9EC000A4983 /* NewsListVC.swift */ = {isa = PBXFileReference; lastKnownFileType = sourcecode.swift; path = NewsListVC.swift; sourceTree = "<group>"; };
		75F19FE31F06CA23000A4983 /* TransactionsVC.swift */ = {isa = PBXFileReference; lastKnownFileType = sourcecode.swift; path = TransactionsVC.swift; sourceTree = "<group>"; };
/* End PBXFileReference section */

/* Begin PBXFrameworksBuildPhase section */
		75F19FAB1F05B844000A4983 /* Frameworks */ = {
			isa = PBXFrameworksBuildPhase;
			buildActionMask = 2147483647;
			files = (
				75F19FC51F05B879000A4983 /* RevealServer.framework in Frameworks */,
			);
			runOnlyForDeploymentPostprocessing = 0;
		};
/* End PBXFrameworksBuildPhase section */

/* Begin PBXGroup section */
		759474C71F084A2500D922AF /* Fonts */ = {
			isa = PBXGroup;
			children = (
				759474CD1F084A3500D922AF /* ubuntu-b.ttf */,
				759474CC1F084A3500D922AF /* ubuntu-bi.ttf */,
				759474CE1F084A3500D922AF /* ubuntu-l.ttf */,
				759474C91F084A3400D922AF /* ubuntu-li.ttf */,
				759474CA1F084A3500D922AF /* ubuntu-m.ttf */,
				759474CF1F084A3500D922AF /* ubuntu-mi.ttf */,
				759474C81F084A3400D922AF /* ubuntu-r.ttf */,
				759474CB1F084A3500D922AF /* ubuntu-ri.ttf */,
			);
			name = Fonts;
			sourceTree = "<group>";
		};
		75F19FA51F05B843000A4983 = {
			isa = PBXGroup;
			children = (
				75F19FB01F05B844000A4983 /* Avanza */,
				75F19FAF1F05B844000A4983 /* Products */,
			);
			sourceTree = "<group>";
		};
		75F19FAF1F05B844000A4983 /* Products */ = {
			isa = PBXGroup;
			children = (
				75F19FAE1F05B844000A4983 /* Avanza.app */,
			);
			name = Products;
			sourceTree = "<group>";
		};
		75F19FB01F05B844000A4983 /* Avanza */ = {
			isa = PBXGroup;
			children = (
				75F19FD51F06BA1F000A4983 /* Main.storyboard */,
				75F19FDD1F06BD91000A4983 /* AccountOverviewVC.swift */,
				75F19FE31F06CA23000A4983 /* TransactionsVC.swift */,
				75F19FDF1F06C96E000A4983 /* PositionsVC.swift */,
				75F19FE11F06C9EC000A4983 /* NewsListVC.swift */,
				75F19FD71F06BB14000A4983 /* AccountsAndPossessionsPagedVC.swift */,
				75F19FB11F05B844000A4983 /* AppDelegate.swift */,
				75F19FC81F067869000A4983 /* NavigationController.swift */,
				759474C71F084A2500D922AF /* Fonts */,
				75F19FD21F06B9A5000A4983 /* View Components */,
				75F19FB81F05B844000A4983 /* Assets.xcassets */,
				75F19FBA1F05B844000A4983 /* LaunchScreen.storyboard */,
				75F19FBD1F05B844000A4983 /* Info.plist */,
				75F19FC31F05B849000A4983 /* RevealServer.framework */,
			);
			path = Avanza;
			sourceTree = "<group>";
		};
		75F19FD21F06B9A5000A4983 /* View Components */ = {
			isa = PBXGroup;
			children = (
				753914201F07A2F400710C38 /* PTRView.swift */,
				7539141C1F079BA100710C38 /* AccountTableViewCell.swift */,
				7539141D1F079BA100710C38 /* AccountTableViewCell.xib */,
				753914181F079B8900710C38 /* AccountOverviewTableViewCell.swift */,
				753914191F079B8900710C38 /* AccountOverviewTableViewCell.xib */,
				75F19FCE1F068504000A4983 /* OrdersAndTradesButton.swift */,
				75F19FD01F069134000A4983 /* OrdersAndTradesButton.xib */,
				75F19FD91F06BC8D000A4983 /* PageControl.swift */,
				75F19FDB1F06BC9B000A4983 /* PageControl.xib */,
			);
			path = "View Components";
			sourceTree = "<group>";
		};
/* End PBXGroup section */

/* Begin PBXNativeTarget section */
		75F19FAD1F05B844000A4983 /* Avanza */ = {
			isa = PBXNativeTarget;
			buildConfigurationList = 75F19FC01F05B844000A4983 /* Build configuration list for PBXNativeTarget "Avanza" */;
			buildPhases = (
				75F19FAA1F05B844000A4983 /* Sources */,
				75F19FAB1F05B844000A4983 /* Frameworks */,
				75F19FAC1F05B844000A4983 /* Resources */,
				75F19FC71F05B879000A4983 /* Embed Frameworks */,
			);
			buildRules = (
			);
			dependencies = (
			);
			name = Avanza;
			productName = Avanza;
			productReference = 75F19FAE1F05B844000A4983 /* Avanza.app */;
			productType = "com.apple.product-type.application";
		};
/* End PBXNativeTarget section */

/* Begin PBXProject section */
		75F19FA61F05B843000A4983 /* Project object */ = {
			isa = PBXProject;
			attributes = {
				LastSwiftUpdateCheck = 0900;
				LastUpgradeCheck = 0900;
				ORGANIZATIONNAME = "Oskar Groth";
				TargetAttributes = {
					75F19FAD1F05B844000A4983 = {
						CreatedOnToolsVersion = 9.0;
					};
				};
			};
			buildConfigurationList = 75F19FA91F05B843000A4983 /* Build configuration list for PBXProject "Avanza" */;
			compatibilityVersion = "Xcode 8.0";
			developmentRegion = en;
			hasScannedForEncodings = 0;
			knownRegions = (
				en,
				Base,
			);
			mainGroup = 75F19FA51F05B843000A4983;
			productRefGroup = 75F19FAF1F05B844000A4983 /* Products */;
			projectDirPath = "";
			projectRoot = "";
			targets = (
				75F19FAD1F05B844000A4983 /* Avanza */,
			);
		};
/* End PBXProject section */

/* Begin PBXResourcesBuildPhase section */
		75F19FAC1F05B844000A4983 /* Resources */ = {
			isa = PBXResourcesBuildPhase;
			buildActionMask = 2147483647;
			files = (
				759474D31F084A3F00D922AF /* ubuntu-li.ttf in Resources */,
				7539141B1F079B8900710C38 /* AccountOverviewTableViewCell.xib in Resources */,
				75F19FBC1F05B844000A4983 /* LaunchScreen.storyboard in Resources */,
				759474D51F084A3F00D922AF /* ubuntu-mi.ttf in Resources */,
				759474D01F084A3F00D922AF /* ubuntu-b.ttf in Resources */,
				75F19FB91F05B844000A4983 /* Assets.xcassets in Resources */,
				759474D61F084A3F00D922AF /* ubuntu-r.ttf in Resources */,
				75F19FD11F069134000A4983 /* OrdersAndTradesButton.xib in Resources */,
				75F19FD61F06BAB7000A4983 /* Main.storyboard in Resources */,
				759474D21F084A3F00D922AF /* ubuntu-l.ttf in Resources */,
				7539141F1F079BA100710C38 /* AccountTableViewCell.xib in Resources */,
				759474D41F084A3F00D922AF /* ubuntu-m.ttf in Resources */,
				759474D11F084A3F00D922AF /* ubuntu-bi.ttf in Resources */,
				759474D71F084A3F00D922AF /* ubuntu-ri.ttf in Resources */,
				75F19FDC1F06BC9B000A4983 /* PageControl.xib in Resources */,
			);
			runOnlyForDeploymentPostprocessing = 0;
		};
/* End PBXResourcesBuildPhase section */

/* Begin PBXSourcesBuildPhase section */
		75F19FAA1F05B844000A4983 /* Sources */ = {
			isa = PBXSourcesBuildPhase;
			buildActionMask = 2147483647;
			files = (
				75F19FDE1F06BD91000A4983 /* AccountOverviewVC.swift in Sources */,
				753914211F07A2F400710C38 /* PTRView.swift in Sources */,
				75F19FD81F06BB14000A4983 /* AccountsAndPossessionsPagedVC.swift in Sources */,
				7539141A1F079B8900710C38 /* AccountOverviewTableViewCell.swift in Sources */,
				75F19FE41F06CA23000A4983 /* TransactionsVC.swift in Sources */,
				75F19FDA1F06BC8D000A4983 /* PageControl.swift in Sources */,
				7539141E1F079BA100710C38 /* AccountTableViewCell.swift in Sources */,
				75F19FC91F067869000A4983 /* NavigationController.swift in Sources */,
				75F19FE01F06C96E000A4983 /* PositionsVC.swift in Sources */,
				75F19FE21F06C9EC000A4983 /* NewsListVC.swift in Sources */,
				75F19FB21F05B844000A4983 /* AppDelegate.swift in Sources */,
				75F19FCF1F068504000A4983 /* OrdersAndTradesButton.swift in Sources */,
			);
			runOnlyForDeploymentPostprocessing = 0;
		};
/* End PBXSourcesBuildPhase section */

/* Begin PBXVariantGroup section */
		75F19FBA1F05B844000A4983 /* LaunchScreen.storyboard */ = {
			isa = PBXVariantGroup;
			children = (
				75F19FBB1F05B844000A4983 /* Base */,
			);
			name = LaunchScreen.storyboard;
			sourceTree = "<group>";
		};
/* End PBXVariantGroup section */

/* Begin XCBuildConfiguration section */
		75F19FBE1F05B844000A4983 /* Debug */ = {
			isa = XCBuildConfiguration;
			buildSettings = {
				ALWAYS_SEARCH_USER_PATHS = NO;
				CLANG_ANALYZER_NONNULL = YES;
				CLANG_ANALYZER_NUMBER_OBJECT_CONVERSION = YES_AGGRESSIVE;
				CLANG_CXX_LANGUAGE_STANDARD = "gnu++14";
				CLANG_CXX_LIBRARY = "libc++";
				CLANG_ENABLE_MODULES = YES;
				CLANG_ENABLE_OBJC_ARC = YES;
				CLANG_WARN_BLOCK_CAPTURE_AUTORELEASING = YES;
				CLANG_WARN_BOOL_CONVERSION = YES;
				CLANG_WARN_COMMA = YES;
				CLANG_WARN_CONSTANT_CONVERSION = YES;
				CLANG_WARN_DIRECT_OBJC_ISA_USAGE = YES_ERROR;
				CLANG_WARN_DOCUMENTATION_COMMENTS = YES;
				CLANG_WARN_EMPTY_BODY = YES;
				CLANG_WARN_ENUM_CONVERSION = YES;
				CLANG_WARN_INFINITE_RECURSION = YES;
				CLANG_WARN_INT_CONVERSION = YES;
				CLANG_WARN_OBJC_ROOT_CLASS = YES_ERROR;
				CLANG_WARN_RANGE_LOOP_ANALYSIS = YES;
				CLANG_WARN_STRICT_PROTOTYPES = YES;
				CLANG_WARN_SUSPICIOUS_MOVE = YES;
				CLANG_WARN_UNGUARDED_AVAILABILITY = YES_AGGRESSIVE;
				CLANG_WARN_UNREACHABLE_CODE = YES;
				CLANG_WARN__DUPLICATE_METHOD_MATCH = YES;
				CODE_SIGN_IDENTITY = "iPhone Developer";
				COPY_PHASE_STRIP = NO;
				DEBUG_INFORMATION_FORMAT = dwarf;
				ENABLE_STRICT_OBJC_MSGSEND = YES;
				ENABLE_TESTABILITY = YES;
				GCC_C_LANGUAGE_STANDARD = gnu11;
				GCC_DYNAMIC_NO_PIC = NO;
				GCC_NO_COMMON_BLOCKS = YES;
				GCC_OPTIMIZATION_LEVEL = 0;
				GCC_PREPROCESSOR_DEFINITIONS = (
					"DEBUG=1",
					"$(inherited)",
				);
				GCC_WARN_64_TO_32_BIT_CONVERSION = YES;
				GCC_WARN_ABOUT_RETURN_TYPE = YES_ERROR;
				GCC_WARN_UNDECLARED_SELECTOR = YES;
				GCC_WARN_UNINITIALIZED_AUTOS = YES_AGGRESSIVE;
				GCC_WARN_UNUSED_FUNCTION = YES;
				GCC_WARN_UNUSED_VARIABLE = YES;
				IPHONEOS_DEPLOYMENT_TARGET = 11.0;
				MTL_ENABLE_DEBUG_INFO = YES;
				ONLY_ACTIVE_ARCH = YES;
				SDKROOT = iphoneos;
				SWIFT_ACTIVE_COMPILATION_CONDITIONS = DEBUG;
				SWIFT_OPTIMIZATION_LEVEL = "-Onone";
			};
			name = Debug;
		};
		75F19FBF1F05B844000A4983 /* Release */ = {
			isa = XCBuildConfiguration;
			buildSettings = {
				ALWAYS_SEARCH_USER_PATHS = NO;
				CLANG_ANALYZER_NONNULL = YES;
				CLANG_ANALYZER_NUMBER_OBJECT_CONVERSION = YES_AGGRESSIVE;
				CLANG_CXX_LANGUAGE_STANDARD = "gnu++14";
				CLANG_CXX_LIBRARY = "libc++";
				CLANG_ENABLE_MODULES = YES;
				CLANG_ENABLE_OBJC_ARC = YES;
				CLANG_WARN_BLOCK_CAPTURE_AUTORELEASING = YES;
				CLANG_WARN_BOOL_CONVERSION = YES;
				CLANG_WARN_COMMA = YES;
				CLANG_WARN_CONSTANT_CONVERSION = YES;
				CLANG_WARN_DIRECT_OBJC_ISA_USAGE = YES_ERROR;
				CLANG_WARN_DOCUMENTATION_COMMENTS = YES;
				CLANG_WARN_EMPTY_BODY = YES;
				CLANG_WARN_ENUM_CONVERSION = YES;
				CLANG_WARN_INFINITE_RECURSION = YES;
				CLANG_WARN_INT_CONVERSION = YES;
				CLANG_WARN_OBJC_ROOT_CLASS = YES_ERROR;
				CLANG_WARN_RANGE_LOOP_ANALYSIS = YES;
				CLANG_WARN_STRICT_PROTOTYPES = YES;
				CLANG_WARN_SUSPICIOUS_MOVE = YES;
				CLANG_WARN_UNGUARDED_AVAILABILITY = YES_AGGRESSIVE;
				CLANG_WARN_UNREACHABLE_CODE = YES;
				CLANG_WARN__DUPLICATE_METHOD_MATCH = YES;
				CODE_SIGN_IDENTITY = "iPhone Developer";
				COPY_PHASE_STRIP = NO;
				DEBUG_INFORMATION_FORMAT = "dwarf-with-dsym";
				ENABLE_NS_ASSERTIONS = NO;
				ENABLE_STRICT_OBJC_MSGSEND = YES;
				GCC_C_LANGUAGE_STANDARD = gnu11;
				GCC_NO_COMMON_BLOCKS = YES;
				GCC_WARN_64_TO_32_BIT_CONVERSION = YES;
				GCC_WARN_ABOUT_RETURN_TYPE = YES_ERROR;
				GCC_WARN_UNDECLARED_SELECTOR = YES;
				GCC_WARN_UNINITIALIZED_AUTOS = YES_AGGRESSIVE;
				GCC_WARN_UNUSED_FUNCTION = YES;
				GCC_WARN_UNUSED_VARIABLE = YES;
				IPHONEOS_DEPLOYMENT_TARGET = 11.0;
				MTL_ENABLE_DEBUG_INFO = NO;
				SDKROOT = iphoneos;
				SWIFT_OPTIMIZATION_LEVEL = "-Owholemodule";
				VALIDATE_PRODUCT = YES;
			};
			name = Release;
		};
		75F19FC11F05B844000A4983 /* Debug */ = {
			isa = XCBuildConfiguration;
			buildSettings = {
				ASSETCATALOG_COMPILER_APPICON_NAME = AppIcon;
				DEVELOPMENT_TEAM = ZQK6SX26CE;
				FRAMEWORK_SEARCH_PATHS = "$(PROJECT_DIR)/**";
				INFOPLIST_FILE = Avanza/Info.plist;
				LD_RUNPATH_SEARCH_PATHS = "$(inherited) @executable_path/Frameworks";
				PRODUCT_BUNDLE_IDENTIFIER = org.cindori.Avanza;
				PRODUCT_NAME = "$(TARGET_NAME)";
				SWIFT_VERSION = 4.0;
				TARGETED_DEVICE_FAMILY = "1,2";
			};
			name = Debug;
		};
		75F19FC21F05B844000A4983 /* Release */ = {
			isa = XCBuildConfiguration;
			buildSettings = {
				ASSETCATALOG_COMPILER_APPICON_NAME = AppIcon;
				DEVELOPMENT_TEAM = ZQK6SX26CE;
				FRAMEWORK_SEARCH_PATHS = "$(PROJECT_DIR)/**";
				INFOPLIST_FILE = Avanza/Info.plist;
				LD_RUNPATH_SEARCH_PATHS = "$(inherited) @executable_path/Frameworks";
				PRODUCT_BUNDLE_IDENTIFIER = org.cindori.Avanza;
				PRODUCT_NAME = "$(TARGET_NAME)";
				SWIFT_VERSION = 4.0;
				TARGETED_DEVICE_FAMILY = "1,2";
			};
			name = Release;
		};
/* End XCBuildConfiguration section */

/* Begin XCConfigurationList section */
		75F19FA91F05B843000A4983 /* Build configuration list for PBXProject "Avanza" */ = {
			isa = XCConfigurationList;
			buildConfigurations = (
				75F19FBE1F05B844000A4983 /* Debug */,
				75F19FBF1F05B844000A4983 /* Release */,
			);
			defaultConfigurationIsVisible = 0;
			defaultConfigurationName = Release;
		};
		75F19FC01F05B844000A4983 /* Build configuration list for PBXNativeTarget "Avanza" */ = {
			isa = XCConfigurationList;
			buildConfigurations = (
				75F19FC11F05B844000A4983 /* Debug */,
				75F19FC21F05B844000A4983 /* Release */,
			);
			defaultConfigurationIsVisible = 0;
			defaultConfigurationName = Release;
		};
/* End XCConfigurationList section */
	};
	rootObject = 75F19FA61F05B843000A4983 /* Project object */;
}
